// !$*UTF8*$!
{
	archiveVersion = 1;
	classes = {
	};
	objectVersion = 50;
	objects = {

/* Begin PBXBuildFile section */
		3CC427BE251AECD800611294 /* CurrencyDataRequest.swift in Sources */ = {isa = PBXBuildFile; fileRef = 3CC427BD251AECD800611294 /* CurrencyDataRequest.swift */; };
		3CC427C0251AEF5200611294 /* CurrencyURL.swift in Sources */ = {isa = PBXBuildFile; fileRef = 3CC427BF251AEF5200611294 /* CurrencyURL.swift */; };
		3CC427C2251AFBBB00611294 /* CurrencyDataController.swift in Sources */ = {isa = PBXBuildFile; fileRef = 3CC427C1251AFBBB00611294 /* CurrencyDataController.swift */; };
		3CC427C4251AFCC400611294 /* CurrencyDataDecoder.swift in Sources */ = {isa = PBXBuildFile; fileRef = 3CC427C3251AFCC400611294 /* CurrencyDataDecoder.swift */; };
		3CC427D4251C4A6B00611294 /* CurrencyStorageManagerTests.swift in Sources */ = {isa = PBXBuildFile; fileRef = 3CC427D3251C4A6B00611294 /* CurrencyStorageManagerTests.swift */; };
		3CC427D6251C4F5700611294 /* CurrencyDataDecoderTests.swift in Sources */ = {isa = PBXBuildFile; fileRef = 3CC427D5251C4F5700611294 /* CurrencyDataDecoderTests.swift */; };
		3CC427D8251C4FFC00611294 /* currencies.json in Resources */ = {isa = PBXBuildFile; fileRef = 3CC427D7251C4FFC00611294 /* currencies.json */; };
		3CC427DA251C54B200611294 /* exchangeRate.json in Resources */ = {isa = PBXBuildFile; fileRef = 3CC427D9251C54B200611294 /* exchangeRate.json */; };
		3CDFD7B124D7B52F0015A2CC /* ConvertCurrencyViewController.swift in Sources */ = {isa = PBXBuildFile; fileRef = 3CDFD7B024D7B52F0015A2CC /* ConvertCurrencyViewController.swift */; };
		3CDFD7B624D7B7840015A2CC /* Currency.swift in Sources */ = {isa = PBXBuildFile; fileRef = 3CDFD7B524D7B7840015A2CC /* Currency.swift */; };
		3CDFD7B924D7B7E70015A2CC /* CurrencyList.swift in Sources */ = {isa = PBXBuildFile; fileRef = 3CDFD7B824D7B7E70015A2CC /* CurrencyList.swift */; };
		3CDFD7BB24D7C2090015A2CC /* ExchangeRate.swift in Sources */ = {isa = PBXBuildFile; fileRef = 3CDFD7BA24D7C2090015A2CC /* ExchangeRate.swift */; };
		3CDFD7BD24D7F01E0015A2CC /* CurrencyConversion.swift in Sources */ = {isa = PBXBuildFile; fileRef = 3CDFD7BC24D7F01D0015A2CC /* CurrencyConversion.swift */; };
		3CDFD7BF24D91DA90015A2CC /* CustomButton.swift in Sources */ = {isa = PBXBuildFile; fileRef = 3CDFD7BE24D91DA90015A2CC /* CustomButton.swift */; };
		3CDFD7C524D92F790015A2CC /* Helpers.swift in Sources */ = {isa = PBXBuildFile; fileRef = 3CDFD7C424D92F790015A2CC /* Helpers.swift */; };
		3CDFD7C824D931B20015A2CC /* JSONDataManager.swift in Sources */ = {isa = PBXBuildFile; fileRef = 3CDFD7C724D931B20015A2CC /* JSONDataManager.swift */; };
		3CDFD7CB24DA6CE00015A2CC /* CustomLabel.swift in Sources */ = {isa = PBXBuildFile; fileRef = 3CDFD7CA24DA6CE00015A2CC /* CustomLabel.swift */; };
		3CDFD7CD24DA73930015A2CC /* FileManager+EXT.swift in Sources */ = {isa = PBXBuildFile; fileRef = 3CDFD7CC24DA73930015A2CC /* FileManager+EXT.swift */; };
		3CDFD7D024DA74960015A2CC /* CurrencyStorageManager.swift in Sources */ = {isa = PBXBuildFile; fileRef = 3CDFD7CF24DA74960015A2CC /* CurrencyStorageManager.swift */; };
		3CDFD7D224DBC7BD0015A2CC /* AppDefaults.swift in Sources */ = {isa = PBXBuildFile; fileRef = 3CDFD7D124DBC7BD0015A2CC /* AppDefaults.swift */; };
		3CDFD7D424DBCAAA0015A2CC /* Constants.swift in Sources */ = {isa = PBXBuildFile; fileRef = 3CDFD7D324DBCAAA0015A2CC /* Constants.swift */; };
		3CDFD7D624DBD2DA0015A2CC /* AlertPresentable.swift in Sources */ = {isa = PBXBuildFile; fileRef = 3CDFD7D524DBD2DA0015A2CC /* AlertPresentable.swift */; };
		3CDFD7D924DD1EB00015A2CC /* CurrencySelectorViewController.swift in Sources */ = {isa = PBXBuildFile; fileRef = 3CDFD7D824DD1EB00015A2CC /* CurrencySelectorViewController.swift */; };
		3CDFD7DB24DD1EDB0015A2CC /* CurrencySelector.storyboard in Resources */ = {isa = PBXBuildFile; fileRef = 3CDFD7DA24DD1EDB0015A2CC /* CurrencySelector.storyboard */; };
		3CDFD7DD24DF59740015A2CC /* UITableViewCell+EXT.swift in Sources */ = {isa = PBXBuildFile; fileRef = 3CDFD7DC24DF59740015A2CC /* UITableViewCell+EXT.swift */; };
		844039B024D7B1940073302F /* AppDelegate.swift in Sources */ = {isa = PBXBuildFile; fileRef = 844039AF24D7B1940073302F /* AppDelegate.swift */; };
		844039B224D7B1940073302F /* SceneDelegate.swift in Sources */ = {isa = PBXBuildFile; fileRef = 844039B124D7B1940073302F /* SceneDelegate.swift */; };
		844039B724D7B1940073302F /* Main.storyboard in Resources */ = {isa = PBXBuildFile; fileRef = 844039B524D7B1940073302F /* Main.storyboard */; };
		844039B924D7B1970073302F /* Assets.xcassets in Resources */ = {isa = PBXBuildFile; fileRef = 844039B824D7B1970073302F /* Assets.xcassets */; };
		844039BC24D7B1970073302F /* LaunchScreen.storyboard in Resources */ = {isa = PBXBuildFile; fileRef = 844039BA24D7B1970073302F /* LaunchScreen.storyboard */; };
/* End PBXBuildFile section */

/* Begin PBXContainerItemProxy section */
		3CC427CE251C3E2900611294 /* PBXContainerItemProxy */ = {
			isa = PBXContainerItemProxy;
			containerPortal = 844039A424D7B1940073302F /* Project object */;
			proxyType = 1;
			remoteGlobalIDString = 844039AB24D7B1940073302F;
			remoteInfo = CurrencyConverter;
		};
		3CC427E4251D995100611294 /* PBXContainerItemProxy */ = {
			isa = PBXContainerItemProxy;
			containerPortal = 844039A424D7B1940073302F /* Project object */;
			proxyType = 1;
			remoteGlobalIDString = 844039AB24D7B1940073302F;
			remoteInfo = CurrencyConverter;
		};
/* End PBXContainerItemProxy section */

/* Begin PBXFileReference section */
		3CC427BD251AECD800611294 /* CurrencyDataRequest.swift */ = {isa = PBXFileReference; lastKnownFileType = sourcecode.swift; path = CurrencyDataRequest.swift; sourceTree = "<group>"; };
		3CC427BF251AEF5200611294 /* CurrencyURL.swift */ = {isa = PBXFileReference; lastKnownFileType = sourcecode.swift; path = CurrencyURL.swift; sourceTree = "<group>"; };
		3CC427C1251AFBBB00611294 /* CurrencyDataController.swift */ = {isa = PBXFileReference; lastKnownFileType = sourcecode.swift; path = CurrencyDataController.swift; sourceTree = "<group>"; };
		3CC427C3251AFCC400611294 /* CurrencyDataDecoder.swift */ = {isa = PBXFileReference; lastKnownFileType = sourcecode.swift; path = CurrencyDataDecoder.swift; sourceTree = "<group>"; };
		3CC427C9251C3E2900611294 /* CurrencyConverterTests.xctest */ = {isa = PBXFileReference; explicitFileType = wrapper.cfbundle; includeInIndex = 0; path = CurrencyConverterTests.xctest; sourceTree = BUILT_PRODUCTS_DIR; };
		3CC427CD251C3E2900611294 /* Info.plist */ = {isa = PBXFileReference; lastKnownFileType = text.plist.xml; path = Info.plist; sourceTree = "<group>"; };
		3CC427D3251C4A6B00611294 /* CurrencyStorageManagerTests.swift */ = {isa = PBXFileReference; lastKnownFileType = sourcecode.swift; path = CurrencyStorageManagerTests.swift; sourceTree = "<group>"; };
		3CC427D5251C4F5700611294 /* CurrencyDataDecoderTests.swift */ = {isa = PBXFileReference; lastKnownFileType = sourcecode.swift; path = CurrencyDataDecoderTests.swift; sourceTree = "<group>"; };
		3CC427D7251C4FFC00611294 /* currencies.json */ = {isa = PBXFileReference; fileEncoding = 4; lastKnownFileType = text.json; path = currencies.json; sourceTree = "<group>"; };
		3CC427D9251C54B200611294 /* exchangeRate.json */ = {isa = PBXFileReference; lastKnownFileType = text.json; path = exchangeRate.json; sourceTree = "<group>"; };
		3CC427DF251D995100611294 /* CurrencyConverterUITests.xctest */ = {isa = PBXFileReference; explicitFileType = wrapper.cfbundle; includeInIndex = 0; path = CurrencyConverterUITests.xctest; sourceTree = BUILT_PRODUCTS_DIR; };
		3CC427E3251D995100611294 /* Info.plist */ = {isa = PBXFileReference; lastKnownFileType = text.plist.xml; path = Info.plist; sourceTree = "<group>"; };
		3CDFD7B024D7B52F0015A2CC /* ConvertCurrencyViewController.swift */ = {isa = PBXFileReference; lastKnownFileType = sourcecode.swift; path = ConvertCurrencyViewController.swift; sourceTree = "<group>"; };
		3CDFD7B524D7B7840015A2CC /* Currency.swift */ = {isa = PBXFileReference; lastKnownFileType = sourcecode.swift; path = Currency.swift; sourceTree = "<group>"; };
		3CDFD7B824D7B7E70015A2CC /* CurrencyList.swift */ = {isa = PBXFileReference; lastKnownFileType = sourcecode.swift; path = CurrencyList.swift; sourceTree = "<group>"; };
		3CDFD7BA24D7C2090015A2CC /* ExchangeRate.swift */ = {isa = PBXFileReference; lastKnownFileType = sourcecode.swift; path = ExchangeRate.swift; sourceTree = "<group>"; };
		3CDFD7BC24D7F01D0015A2CC /* CurrencyConversion.swift */ = {isa = PBXFileReference; lastKnownFileType = sourcecode.swift; path = CurrencyConversion.swift; sourceTree = "<group>"; };
		3CDFD7BE24D91DA90015A2CC /* CustomButton.swift */ = {isa = PBXFileReference; lastKnownFileType = sourcecode.swift; path = CustomButton.swift; sourceTree = "<group>"; };
		3CDFD7C424D92F790015A2CC /* Helpers.swift */ = {isa = PBXFileReference; lastKnownFileType = sourcecode.swift; path = Helpers.swift; sourceTree = "<group>"; };
		3CDFD7C724D931B20015A2CC /* JSONDataManager.swift */ = {isa = PBXFileReference; lastKnownFileType = sourcecode.swift; path = JSONDataManager.swift; sourceTree = "<group>"; };
		3CDFD7CA24DA6CE00015A2CC /* CustomLabel.swift */ = {isa = PBXFileReference; lastKnownFileType = sourcecode.swift; path = CustomLabel.swift; sourceTree = "<group>"; };
		3CDFD7CC24DA73930015A2CC /* FileManager+EXT.swift */ = {isa = PBXFileReference; lastKnownFileType = sourcecode.swift; path = "FileManager+EXT.swift"; sourceTree = "<group>"; };
		3CDFD7CF24DA74960015A2CC /* CurrencyStorageManager.swift */ = {isa = PBXFileReference; lastKnownFileType = sourcecode.swift; path = CurrencyStorageManager.swift; sourceTree = "<group>"; };
		3CDFD7D124DBC7BD0015A2CC /* AppDefaults.swift */ = {isa = PBXFileReference; lastKnownFileType = sourcecode.swift; path = AppDefaults.swift; sourceTree = "<group>"; };
		3CDFD7D324DBCAAA0015A2CC /* Constants.swift */ = {isa = PBXFileReference; lastKnownFileType = sourcecode.swift; path = Constants.swift; sourceTree = "<group>"; };
		3CDFD7D524DBD2DA0015A2CC /* AlertPresentable.swift */ = {isa = PBXFileReference; lastKnownFileType = sourcecode.swift; path = AlertPresentable.swift; sourceTree = "<group>"; };
		3CDFD7D824DD1EB00015A2CC /* CurrencySelectorViewController.swift */ = {isa = PBXFileReference; lastKnownFileType = sourcecode.swift; path = CurrencySelectorViewController.swift; sourceTree = "<group>"; };
		3CDFD7DA24DD1EDB0015A2CC /* CurrencySelector.storyboard */ = {isa = PBXFileReference; lastKnownFileType = file.storyboard; path = CurrencySelector.storyboard; sourceTree = "<group>"; };
		3CDFD7DC24DF59740015A2CC /* UITableViewCell+EXT.swift */ = {isa = PBXFileReference; lastKnownFileType = sourcecode.swift; path = "UITableViewCell+EXT.swift"; sourceTree = "<group>"; };
		844039AC24D7B1940073302F /* CurrencyConverter.app */ = {isa = PBXFileReference; explicitFileType = wrapper.application; includeInIndex = 0; path = CurrencyConverter.app; sourceTree = BUILT_PRODUCTS_DIR; };
		844039AF24D7B1940073302F /* AppDelegate.swift */ = {isa = PBXFileReference; lastKnownFileType = sourcecode.swift; path = AppDelegate.swift; sourceTree = "<group>"; };
		844039B124D7B1940073302F /* SceneDelegate.swift */ = {isa = PBXFileReference; lastKnownFileType = sourcecode.swift; path = SceneDelegate.swift; sourceTree = "<group>"; };
		844039B624D7B1940073302F /* Base */ = {isa = PBXFileReference; lastKnownFileType = file.storyboard; name = Base; path = Base.lproj/Main.storyboard; sourceTree = "<group>"; };
		844039B824D7B1970073302F /* Assets.xcassets */ = {isa = PBXFileReference; lastKnownFileType = folder.assetcatalog; path = Assets.xcassets; sourceTree = "<group>"; };
		844039BB24D7B1970073302F /* Base */ = {isa = PBXFileReference; lastKnownFileType = file.storyboard; name = Base; path = Base.lproj/LaunchScreen.storyboard; sourceTree = "<group>"; };
		844039BD24D7B1970073302F /* Info.plist */ = {isa = PBXFileReference; lastKnownFileType = text.plist.xml; path = Info.plist; sourceTree = "<group>"; };
/* End PBXFileReference section */

/* Begin PBXFrameworksBuildPhase section */
		3CC427C6251C3E2900611294 /* Frameworks */ = {
			isa = PBXFrameworksBuildPhase;
			buildActionMask = 2147483647;
			files = (
			);
			runOnlyForDeploymentPostprocessing = 0;
		};
		3CC427DC251D995100611294 /* Frameworks */ = {
			isa = PBXFrameworksBuildPhase;
			buildActionMask = 2147483647;
			files = (
			);
			runOnlyForDeploymentPostprocessing = 0;
		};
		844039A924D7B1940073302F /* Frameworks */ = {
			isa = PBXFrameworksBuildPhase;
			buildActionMask = 2147483647;
			files = (
			);
			runOnlyForDeploymentPostprocessing = 0;
		};
/* End PBXFrameworksBuildPhase section */

/* Begin PBXGroup section */
		3CC427CA251C3E2900611294 /* CurrencyConverterTests */ = {
			isa = PBXGroup;
			children = (
				3CC427D7251C4FFC00611294 /* currencies.json */,
				3CC427D9251C54B200611294 /* exchangeRate.json */,
				3CC427CD251C3E2900611294 /* Info.plist */,
				3CC427D3251C4A6B00611294 /* CurrencyStorageManagerTests.swift */,
				3CC427D5251C4F5700611294 /* CurrencyDataDecoderTests.swift */,
			);
			path = CurrencyConverterTests;
			sourceTree = "<group>";
		};
		3CC427E0251D995100611294 /* CurrencyConverterUITests */ = {
			isa = PBXGroup;
			children = (
				3CC427E3251D995100611294 /* Info.plist */,
			);
			path = CurrencyConverterUITests;
			sourceTree = "<group>";
		};
		3CDFD7B224D7B5390015A2CC /* Controllers */ = {
			isa = PBXGroup;
			children = (
				3CDFD7B024D7B52F0015A2CC /* ConvertCurrencyViewController.swift */,
				3CDFD7D824DD1EB00015A2CC /* CurrencySelectorViewController.swift */,
			);
			path = Controllers;
			sourceTree = "<group>";
		};
		3CDFD7B324D7B6D40015A2CC /* Storyboards */ = {
			isa = PBXGroup;
			children = (
				844039BA24D7B1970073302F /* LaunchScreen.storyboard */,
				844039B524D7B1940073302F /* Main.storyboard */,
				3CDFD7DA24DD1EDB0015A2CC /* CurrencySelector.storyboard */,
			);
			path = Storyboards;
			sourceTree = "<group>";
		};
		3CDFD7B424D7B73B0015A2CC /* Delegates */ = {
			isa = PBXGroup;
			children = (
				844039AF24D7B1940073302F /* AppDelegate.swift */,
				844039B124D7B1940073302F /* SceneDelegate.swift */,
			);
			path = Delegates;
			sourceTree = "<group>";
		};
		3CDFD7B724D7B7900015A2CC /* Models */ = {
			isa = PBXGroup;
			children = (
				3CDFD7B524D7B7840015A2CC /* Currency.swift */,
				3CDFD7B824D7B7E70015A2CC /* CurrencyList.swift */,
				3CDFD7BA24D7C2090015A2CC /* ExchangeRate.swift */,
				3CDFD7BC24D7F01D0015A2CC /* CurrencyConversion.swift */,
			);
			path = Models;
			sourceTree = "<group>";
		};
		3CDFD7C024D91DB00015A2CC /* Custom Views */ = {
			isa = PBXGroup;
			children = (
				3CDFD7BE24D91DA90015A2CC /* CustomButton.swift */,
				3CDFD7CA24DA6CE00015A2CC /* CustomLabel.swift */,
			);
			path = "Custom Views";
			sourceTree = "<group>";
		};
		3CDFD7C324D92AD20015A2CC /* Data Handlers */ = {
			isa = PBXGroup;
			children = (
				3CC427BD251AECD800611294 /* CurrencyDataRequest.swift */,
				3CC427C3251AFCC400611294 /* CurrencyDataDecoder.swift */,
			);
			path = "Data Handlers";
			sourceTree = "<group>";
		};
		3CDFD7C624D92FB40015A2CC /* Helpers */ = {
			isa = PBXGroup;
			children = (
				3CDFD7C424D92F790015A2CC /* Helpers.swift */,
				3CDFD7D124DBC7BD0015A2CC /* AppDefaults.swift */,
				3CDFD7D324DBCAAA0015A2CC /* Constants.swift */,
			);
			path = Helpers;
			sourceTree = "<group>";
		};
		3CDFD7C924D931BF0015A2CC /* Data Managers */ = {
			isa = PBXGroup;
			children = (
				3CDFD7C724D931B20015A2CC /* JSONDataManager.swift */,
				3CDFD7CF24DA74960015A2CC /* CurrencyStorageManager.swift */,
			);
			path = "Data Managers";
			sourceTree = "<group>";
		};
		3CDFD7CE24DA73F80015A2CC /* Extensions */ = {
			isa = PBXGroup;
			children = (
				3CDFD7CC24DA73930015A2CC /* FileManager+EXT.swift */,
				3CDFD7DC24DF59740015A2CC /* UITableViewCell+EXT.swift */,
			);
			path = Extensions;
			sourceTree = "<group>";
		};
		3CDFD7D724DBD2EA0015A2CC /* Protocols */ = {
			isa = PBXGroup;
			children = (
				3CDFD7D524DBD2DA0015A2CC /* AlertPresentable.swift */,
				3CC427C1251AFBBB00611294 /* CurrencyDataController.swift */,
			);
			path = Protocols;
			sourceTree = "<group>";
		};
		844039A324D7B1940073302F = {
			isa = PBXGroup;
			children = (
				844039AE24D7B1940073302F /* CurrencyConverter */,
				3CC427CA251C3E2900611294 /* CurrencyConverterTests */,
				3CC427E0251D995100611294 /* CurrencyConverterUITests */,
				844039AD24D7B1940073302F /* Products */,
			);
			sourceTree = "<group>";
		};
		844039AD24D7B1940073302F /* Products */ = {
			isa = PBXGroup;
			children = (
				844039AC24D7B1940073302F /* CurrencyConverter.app */,
				3CC427C9251C3E2900611294 /* CurrencyConverterTests.xctest */,
				3CC427DF251D995100611294 /* CurrencyConverterUITests.xctest */,
			);
			name = Products;
			sourceTree = "<group>";
		};
		844039AE24D7B1940073302F /* CurrencyConverter */ = {
			isa = PBXGroup;
			children = (
				3CC427BF251AEF5200611294 /* CurrencyURL.swift */,
				3CDFD7D724DBD2EA0015A2CC /* Protocols */,
				3CDFD7CE24DA73F80015A2CC /* Extensions */,
				3CDFD7C924D931BF0015A2CC /* Data Managers */,
				3CDFD7C624D92FB40015A2CC /* Helpers */,
				3CDFD7C324D92AD20015A2CC /* Data Handlers */,
				3CDFD7C024D91DB00015A2CC /* Custom Views */,
				3CDFD7B724D7B7900015A2CC /* Models */,
				3CDFD7B424D7B73B0015A2CC /* Delegates */,
				3CDFD7B224D7B5390015A2CC /* Controllers */,
				3CDFD7B324D7B6D40015A2CC /* Storyboards */,
				844039B824D7B1970073302F /* Assets.xcassets */,
				844039BD24D7B1970073302F /* Info.plist */,
			);
			path = CurrencyConverter;
			sourceTree = "<group>";
		};
/* End PBXGroup section */

/* Begin PBXNativeTarget section */
		3CC427C8251C3E2900611294 /* CurrencyConverterTests */ = {
			isa = PBXNativeTarget;
			buildConfigurationList = 3CC427D2251C3E2900611294 /* Build configuration list for PBXNativeTarget "CurrencyConverterTests" */;
			buildPhases = (
				3CC427C5251C3E2900611294 /* Sources */,
				3CC427C6251C3E2900611294 /* Frameworks */,
				3CC427C7251C3E2900611294 /* Resources */,
			);
			buildRules = (
			);
			dependencies = (
				3CC427CF251C3E2900611294 /* PBXTargetDependency */,
			);
			name = CurrencyConverterTests;
			productName = CurrencyConverterTests;
			productReference = 3CC427C9251C3E2900611294 /* CurrencyConverterTests.xctest */;
			productType = "com.apple.product-type.bundle.unit-test";
		};
		3CC427DE251D995100611294 /* CurrencyConverterUITests */ = {
			isa = PBXNativeTarget;
			buildConfigurationList = 3CC427E6251D995100611294 /* Build configuration list for PBXNativeTarget "CurrencyConverterUITests" */;
			buildPhases = (
				3CC427DB251D995100611294 /* Sources */,
				3CC427DC251D995100611294 /* Frameworks */,
				3CC427DD251D995100611294 /* Resources */,
			);
			buildRules = (
			);
			dependencies = (
				3CC427E5251D995100611294 /* PBXTargetDependency */,
			);
			name = CurrencyConverterUITests;
			productName = CurrencyConverterUITests;
			productReference = 3CC427DF251D995100611294 /* CurrencyConverterUITests.xctest */;
			productType = "com.apple.product-type.bundle.ui-testing";
		};
		844039AB24D7B1940073302F /* CurrencyConverter */ = {
			isa = PBXNativeTarget;
			buildConfigurationList = 844039C024D7B1970073302F /* Build configuration list for PBXNativeTarget "CurrencyConverter" */;
			buildPhases = (
				844039A824D7B1940073302F /* Sources */,
				844039A924D7B1940073302F /* Frameworks */,
				844039AA24D7B1940073302F /* Resources */,
			);
			buildRules = (
			);
			dependencies = (
			);
			name = CurrencyConverter;
			productName = CurrencyConverter;
			productReference = 844039AC24D7B1940073302F /* CurrencyConverter.app */;
			productType = "com.apple.product-type.application";
		};
/* End PBXNativeTarget section */

/* Begin PBXProject section */
		844039A424D7B1940073302F /* Project object */ = {
			isa = PBXProject;
			attributes = {
				LastSwiftUpdateCheck = 1130;
				LastUpgradeCheck = 1130;
				ORGANIZATIONNAME = mani;
				TargetAttributes = {
					3CC427C8251C3E2900611294 = {
						CreatedOnToolsVersion = 11.3.1;
						LastSwiftMigration = 1130;
						TestTargetID = 844039AB24D7B1940073302F;
					};
					3CC427DE251D995100611294 = {
						CreatedOnToolsVersion = 11.3.1;
						TestTargetID = 844039AB24D7B1940073302F;
					};
					844039AB24D7B1940073302F = {
						CreatedOnToolsVersion = 11.3.1;
					};
				};
			};
			buildConfigurationList = 844039A724D7B1940073302F /* Build configuration list for PBXProject "CurrencyConverter" */;
			compatibilityVersion = "Xcode 9.3";
			developmentRegion = en;
			hasScannedForEncodings = 0;
			knownRegions = (
				en,
				Base,
			);
			mainGroup = 844039A324D7B1940073302F;
			productRefGroup = 844039AD24D7B1940073302F /* Products */;
			projectDirPath = "";
			projectRoot = "";
			targets = (
				844039AB24D7B1940073302F /* CurrencyConverter */,
				3CC427C8251C3E2900611294 /* CurrencyConverterTests */,
				3CC427DE251D995100611294 /* CurrencyConverterUITests */,
			);
		};
/* End PBXProject section */

/* Begin PBXResourcesBuildPhase section */
		3CC427C7251C3E2900611294 /* Resources */ = {
			isa = PBXResourcesBuildPhase;
			buildActionMask = 2147483647;
			files = (
				3CC427DA251C54B200611294 /* exchangeRate.json in Resources */,
				3CC427D8251C4FFC00611294 /* currencies.json in Resources */,
			);
			runOnlyForDeploymentPostprocessing = 0;
		};
		3CC427DD251D995100611294 /* Resources */ = {
			isa = PBXResourcesBuildPhase;
			buildActionMask = 2147483647;
			files = (
			);
			runOnlyForDeploymentPostprocessing = 0;
		};
		844039AA24D7B1940073302F /* Resources */ = {
			isa = PBXResourcesBuildPhase;
			buildActionMask = 2147483647;
			files = (
				844039BC24D7B1970073302F /* LaunchScreen.storyboard in Resources */,
				844039B924D7B1970073302F /* Assets.xcassets in Resources */,
				3CDFD7DB24DD1EDB0015A2CC /* CurrencySelector.storyboard in Resources */,
				844039B724D7B1940073302F /* Main.storyboard in Resources */,
			);
			runOnlyForDeploymentPostprocessing = 0;
		};
/* End PBXResourcesBuildPhase section */

/* Begin PBXSourcesBuildPhase section */
		3CC427C5251C3E2900611294 /* Sources */ = {
			isa = PBXSourcesBuildPhase;
			buildActionMask = 2147483647;
			files = (
				3CC427D4251C4A6B00611294 /* CurrencyStorageManagerTests.swift in Sources */,
				3CC427D6251C4F5700611294 /* CurrencyDataDecoderTests.swift in Sources */,
			);
			runOnlyForDeploymentPostprocessing = 0;
		};
		3CC427DB251D995100611294 /* Sources */ = {
			isa = PBXSourcesBuildPhase;
			buildActionMask = 2147483647;
			files = (
			);
			runOnlyForDeploymentPostprocessing = 0;
		};
		844039A824D7B1940073302F /* Sources */ = {
			isa = PBXSourcesBuildPhase;
			buildActionMask = 2147483647;
			files = (
				3CDFD7BD24D7F01E0015A2CC /* CurrencyConversion.swift in Sources */,
				3CDFD7B624D7B7840015A2CC /* Currency.swift in Sources */,
				3CC427BE251AECD800611294 /* CurrencyDataRequest.swift in Sources */,
				3CDFD7D924DD1EB00015A2CC /* CurrencySelectorViewController.swift in Sources */,
				3CDFD7DD24DF59740015A2CC /* UITableViewCell+EXT.swift in Sources */,
				844039B024D7B1940073302F /* AppDelegate.swift in Sources */,
				3CDFD7C524D92F790015A2CC /* Helpers.swift in Sources */,
				844039B224D7B1940073302F /* SceneDelegate.swift in Sources */,
				3CDFD7BF24D91DA90015A2CC /* CustomButton.swift in Sources */,
				3CDFD7B924D7B7E70015A2CC /* CurrencyList.swift in Sources */,
				3CDFD7D424DBCAAA0015A2CC /* Constants.swift in Sources */,
				3CDFD7CB24DA6CE00015A2CC /* CustomLabel.swift in Sources */,
				3CDFD7BB24D7C2090015A2CC /* ExchangeRate.swift in Sources */,
				3CDFD7B124D7B52F0015A2CC /* ConvertCurrencyViewController.swift in Sources */,
				3CC427C2251AFBBB00611294 /* CurrencyDataController.swift in Sources */,
				3CC427C0251AEF5200611294 /* CurrencyURL.swift in Sources */,
				3CDFD7D624DBD2DA0015A2CC /* AlertPresentable.swift in Sources */,
				3CC427C4251AFCC400611294 /* CurrencyDataDecoder.swift in Sources */,
				3CDFD7C824D931B20015A2CC /* JSONDataManager.swift in Sources */,
				3CDFD7D224DBC7BD0015A2CC /* AppDefaults.swift in Sources */,
				3CDFD7CD24DA73930015A2CC /* FileManager+EXT.swift in Sources */,
				3CDFD7D024DA74960015A2CC /* CurrencyStorageManager.swift in Sources */,
			);
			runOnlyForDeploymentPostprocessing = 0;
		};
/* End PBXSourcesBuildPhase section */

/* Begin PBXTargetDependency section */
		3CC427CF251C3E2900611294 /* PBXTargetDependency */ = {
			isa = PBXTargetDependency;
			target = 844039AB24D7B1940073302F /* CurrencyConverter */;
			targetProxy = 3CC427CE251C3E2900611294 /* PBXContainerItemProxy */;
		};
		3CC427E5251D995100611294 /* PBXTargetDependency */ = {
			isa = PBXTargetDependency;
			target = 844039AB24D7B1940073302F /* CurrencyConverter */;
			targetProxy = 3CC427E4251D995100611294 /* PBXContainerItemProxy */;
		};
/* End PBXTargetDependency section */

/* Begin PBXVariantGroup section */
		844039B524D7B1940073302F /* Main.storyboard */ = {
			isa = PBXVariantGroup;
			children = (
				844039B624D7B1940073302F /* Base */,
			);
			name = Main.storyboard;
			sourceTree = "<group>";
		};
		844039BA24D7B1970073302F /* LaunchScreen.storyboard */ = {
			isa = PBXVariantGroup;
			children = (
				844039BB24D7B1970073302F /* Base */,
			);
			name = LaunchScreen.storyboard;
			sourceTree = "<group>";
		};
/* End PBXVariantGroup section */

/* Begin XCBuildConfiguration section */
		3CC427D0251C3E2900611294 /* Debug */ = {
			isa = XCBuildConfiguration;
			buildSettings = {
				BUNDLE_LOADER = "$(TEST_HOST)";
				CLANG_ENABLE_MODULES = YES;
				CODE_SIGN_STYLE = Automatic;
				INFOPLIST_FILE = CurrencyConverterTests/Info.plist;
				LD_RUNPATH_SEARCH_PATHS = (
					"$(inherited)",
					"@executable_path/Frameworks",
					"@loader_path/Frameworks",
				);
				PRODUCT_BUNDLE_IDENTIFIER = com.CurrencyConverterTests;
				PRODUCT_NAME = "$(TARGET_NAME)";
				SWIFT_OPTIMIZATION_LEVEL = "-Onone";
				SWIFT_VERSION = 5.0;
				TARGETED_DEVICE_FAMILY = "1,2";
				TEST_HOST = "$(BUILT_PRODUCTS_DIR)/CurrencyConverter.app/CurrencyConverter";
			};
			name = Debug;
		};
		3CC427D1251C3E2900611294 /* Release */ = {
			isa = XCBuildConfiguration;
			buildSettings = {
				BUNDLE_LOADER = "$(TEST_HOST)";
				CLANG_ENABLE_MODULES = YES;
				CODE_SIGN_STYLE = Automatic;
				INFOPLIST_FILE = CurrencyConverterTests/Info.plist;
				LD_RUNPATH_SEARCH_PATHS = (
					"$(inherited)",
					"@executable_path/Frameworks",
					"@loader_path/Frameworks",
				);
				PRODUCT_BUNDLE_IDENTIFIER = com.CurrencyConverterTests;
				PRODUCT_NAME = "$(TARGET_NAME)";
				SWIFT_VERSION = 5.0;
				TARGETED_DEVICE_FAMILY = "1,2";
				TEST_HOST = "$(BUILT_PRODUCTS_DIR)/CurrencyConverter.app/CurrencyConverter";
			};
			name = Release;
		};
		3CC427E7251D995100611294 /* Debug */ = {
			isa = XCBuildConfiguration;
			buildSettings = {
				CODE_SIGN_STYLE = Automatic;
				INFOPLIST_FILE = CurrencyConverterUITests/Info.plist;
				LD_RUNPATH_SEARCH_PATHS = (
					"$(inherited)",
					"@executable_path/Frameworks",
					"@loader_path/Frameworks",
				);
				PRODUCT_BUNDLE_IDENTIFIER = com.CurrencyConverterUITests;
				PRODUCT_NAME = "$(TARGET_NAME)";
				SWIFT_VERSION = 5.0;
				TARGETED_DEVICE_FAMILY = "1,2";
				TEST_TARGET_NAME = CurrencyConverter;
			};
			name = Debug;
		};
		3CC427E8251D995100611294 /* Release */ = {
			isa = XCBuildConfiguration;
			buildSettings = {
				CODE_SIGN_STYLE = Automatic;
				INFOPLIST_FILE = CurrencyConverterUITests/Info.plist;
				LD_RUNPATH_SEARCH_PATHS = (
					"$(inherited)",
					"@executable_path/Frameworks",
					"@loader_path/Frameworks",
				);
				PRODUCT_BUNDLE_IDENTIFIER = com.CurrencyConverterUITests;
				PRODUCT_NAME = "$(TARGET_NAME)";
				SWIFT_VERSION = 5.0;
				TARGETED_DEVICE_FAMILY = "1,2";
				TEST_TARGET_NAME = CurrencyConverter;
			};
			name = Release;
		};
		844039BE24D7B1970073302F /* Debug */ = {
			isa = XCBuildConfiguration;
			buildSettings = {
				ALWAYS_SEARCH_USER_PATHS = NO;
				CLANG_ANALYZER_NONNULL = YES;
				CLANG_ANALYZER_NUMBER_OBJECT_CONVERSION = YES_AGGRESSIVE;
				CLANG_CXX_LANGUAGE_STANDARD = "gnu++14";
				CLANG_CXX_LIBRARY = "libc++";
				CLANG_ENABLE_MODULES = YES;
				CLANG_ENABLE_OBJC_ARC = YES;
				CLANG_ENABLE_OBJC_WEAK = YES;
				CLANG_WARN_BLOCK_CAPTURE_AUTORELEASING = YES;
				CLANG_WARN_BOOL_CONVERSION = YES;
				CLANG_WARN_COMMA = YES;
				CLANG_WARN_CONSTANT_CONVERSION = YES;
				CLANG_WARN_DEPRECATED_OBJC_IMPLEMENTATIONS = YES;
				CLANG_WARN_DIRECT_OBJC_ISA_USAGE = YES_ERROR;
				CLANG_WARN_DOCUMENTATION_COMMENTS = YES;
				CLANG_WARN_EMPTY_BODY = YES;
				CLANG_WARN_ENUM_CONVERSION = YES;
				CLANG_WARN_INFINITE_RECURSION = YES;
				CLANG_WARN_INT_CONVERSION = YES;
				CLANG_WARN_NON_LITERAL_NULL_CONVERSION = YES;
				CLANG_WARN_OBJC_IMPLICIT_RETAIN_SELF = YES;
				CLANG_WARN_OBJC_LITERAL_CONVERSION = YES;
				CLANG_WARN_OBJC_ROOT_CLASS = YES_ERROR;
				CLANG_WARN_RANGE_LOOP_ANALYSIS = YES;
				CLANG_WARN_STRICT_PROTOTYPES = YES;
				CLANG_WARN_SUSPICIOUS_MOVE = YES;
				CLANG_WARN_UNGUARDED_AVAILABILITY = YES_AGGRESSIVE;
				CLANG_WARN_UNREACHABLE_CODE = YES;
				CLANG_WARN__DUPLICATE_METHOD_MATCH = YES;
				COPY_PHASE_STRIP = NO;
				DEBUG_INFORMATION_FORMAT = dwarf;
				ENABLE_STRICT_OBJC_MSGSEND = YES;
				ENABLE_TESTABILITY = YES;
				GCC_C_LANGUAGE_STANDARD = gnu11;
				GCC_DYNAMIC_NO_PIC = NO;
				GCC_NO_COMMON_BLOCKS = YES;
				GCC_OPTIMIZATION_LEVEL = 0;
				GCC_PREPROCESSOR_DEFINITIONS = (
					"DEBUG=1",
					"$(inherited)",
				);
				GCC_WARN_64_TO_32_BIT_CONVERSION = YES;
				GCC_WARN_ABOUT_RETURN_TYPE = YES_ERROR;
				GCC_WARN_UNDECLARED_SELECTOR = YES;
				GCC_WARN_UNINITIALIZED_AUTOS = YES_AGGRESSIVE;
				GCC_WARN_UNUSED_FUNCTION = YES;
				GCC_WARN_UNUSED_VARIABLE = YES;
				IPHONEOS_DEPLOYMENT_TARGET = 13.2;
				MTL_ENABLE_DEBUG_INFO = INCLUDE_SOURCE;
				MTL_FAST_MATH = YES;
				ONLY_ACTIVE_ARCH = YES;
				SDKROOT = iphoneos;
				SWIFT_ACTIVE_COMPILATION_CONDITIONS = DEBUG;
				SWIFT_OPTIMIZATION_LEVEL = "-Onone";
			};
			name = Debug;
		};
		844039BF24D7B1970073302F /* Release */ = {
			isa = XCBuildConfiguration;
			buildSettings = {
				ALWAYS_SEARCH_USER_PATHS = NO;
				CLANG_ANALYZER_NONNULL = YES;
				CLANG_ANALYZER_NUMBER_OBJECT_CONVERSION = YES_AGGRESSIVE;
				CLANG_CXX_LANGUAGE_STANDARD = "gnu++14";
				CLANG_CXX_LIBRARY = "libc++";
				CLANG_ENABLE_MODULES = YES;
				CLANG_ENABLE_OBJC_ARC = YES;
				CLANG_ENABLE_OBJC_WEAK = YES;
				CLANG_WARN_BLOCK_CAPTURE_AUTORELEASING = YES;
				CLANG_WARN_BOOL_CONVERSION = YES;
				CLANG_WARN_COMMA = YES;
				CLANG_WARN_CONSTANT_CONVERSION = YES;
				CLANG_WARN_DEPRECATED_OBJC_IMPLEMENTATIONS = YES;
				CLANG_WARN_DIRECT_OBJC_ISA_USAGE = YES_ERROR;
				CLANG_WARN_DOCUMENTATION_COMMENTS = YES;
				CLANG_WARN_EMPTY_BODY = YES;
				CLANG_WARN_ENUM_CONVERSION = YES;
				CLANG_WARN_INFINITE_RECURSION = YES;
				CLANG_WARN_INT_CONVERSION = YES;
				CLANG_WARN_NON_LITERAL_NULL_CONVERSION = YES;
				CLANG_WARN_OBJC_IMPLICIT_RETAIN_SELF = YES;
				CLANG_WARN_OBJC_LITERAL_CONVERSION = YES;
				CLANG_WARN_OBJC_ROOT_CLASS = YES_ERROR;
				CLANG_WARN_RANGE_LOOP_ANALYSIS = YES;
				CLANG_WARN_STRICT_PROTOTYPES = YES;
				CLANG_WARN_SUSPICIOUS_MOVE = YES;
				CLANG_WARN_UNGUARDED_AVAILABILITY = YES_AGGRESSIVE;
				CLANG_WARN_UNREACHABLE_CODE = YES;
				CLANG_WARN__DUPLICATE_METHOD_MATCH = YES;
				COPY_PHASE_STRIP = NO;
				DEBUG_INFORMATION_FORMAT = "dwarf-with-dsym";
				ENABLE_NS_ASSERTIONS = NO;
				ENABLE_STRICT_OBJC_MSGSEND = YES;
				GCC_C_LANGUAGE_STANDARD = gnu11;
				GCC_NO_COMMON_BLOCKS = YES;
				GCC_WARN_64_TO_32_BIT_CONVERSION = YES;
				GCC_WARN_ABOUT_RETURN_TYPE = YES_ERROR;
				GCC_WARN_UNDECLARED_SELECTOR = YES;
				GCC_WARN_UNINITIALIZED_AUTOS = YES_AGGRESSIVE;
				GCC_WARN_UNUSED_FUNCTION = YES;
				GCC_WARN_UNUSED_VARIABLE = YES;
				IPHONEOS_DEPLOYMENT_TARGET = 13.2;
				MTL_ENABLE_DEBUG_INFO = NO;
				MTL_FAST_MATH = YES;
				SDKROOT = iphoneos;
				SWIFT_COMPILATION_MODE = wholemodule;
				SWIFT_OPTIMIZATION_LEVEL = "-O";
				VALIDATE_PRODUCT = YES;
			};
			name = Release;
		};
		844039C124D7B1970073302F /* Debug */ = {
			isa = XCBuildConfiguration;
			buildSettings = {
				ASSETCATALOG_COMPILER_APPICON_NAME = AppIcon;
				CODE_SIGN_STYLE = Automatic;
				INFOPLIST_FILE = CurrencyConverter/Info.plist;
				LD_RUNPATH_SEARCH_PATHS = (
					"$(inherited)",
					"@executable_path/Frameworks",
				);
				PRODUCT_BUNDLE_IDENTIFIER = com.CurrencyConverter;
				PRODUCT_NAME = "$(TARGET_NAME)";
				SWIFT_VERSION = 5.0;
				TARGETED_DEVICE_FAMILY = "1,2";
			};
			name = Debug;
		};
		844039C224D7B1970073302F /* Release */ = {
			isa = XCBuildConfiguration;
			buildSettings = {
				ASSETCATALOG_COMPILER_APPICON_NAME = AppIcon;
				CODE_SIGN_STYLE = Automatic;
				INFOPLIST_FILE = CurrencyConverter/Info.plist;
				LD_RUNPATH_SEARCH_PATHS = (
					"$(inherited)",
					"@executable_path/Frameworks",
				);
				PRODUCT_BUNDLE_IDENTIFIER = com.CurrencyConverter;
				PRODUCT_NAME = "$(TARGET_NAME)";
				SWIFT_VERSION = 5.0;
				TARGETED_DEVICE_FAMILY = "1,2";
			};
			name = Release;
		};
/* End XCBuildConfiguration section */

/* Begin XCConfigurationList section */
		3CC427D2251C3E2900611294 /* Build configuration list for PBXNativeTarget "CurrencyConverterTests" */ = {
			isa = XCConfigurationList;
			buildConfigurations = (
				3CC427D0251C3E2900611294 /* Debug */,
				3CC427D1251C3E2900611294 /* Release */,
			);
			defaultConfigurationIsVisible = 0;
			defaultConfigurationName = Release;
		};
		3CC427E6251D995100611294 /* Build configuration list for PBXNativeTarget "CurrencyConverterUITests" */ = {
			isa = XCConfigurationList;
			buildConfigurations = (
				3CC427E7251D995100611294 /* Debug */,
				3CC427E8251D995100611294 /* Release */,
			);
			defaultConfigurationIsVisible = 0;
			defaultConfigurationName = Release;
		};
		844039A724D7B1940073302F /* Build configuration list for PBXProject "CurrencyConverter" */ = {
			isa = XCConfigurationList;
			buildConfigurations = (
				844039BE24D7B1970073302F /* Debug */,
				844039BF24D7B1970073302F /* Release */,
			);
			defaultConfigurationIsVisible = 0;
			defaultConfigurationName = Release;
		};
		844039C024D7B1970073302F /* Build configuration list for PBXNativeTarget "CurrencyConverter" */ = {
			isa = XCConfigurationList;
			buildConfigurations = (
				844039C124D7B1970073302F /* Debug */,
				844039C224D7B1970073302F /* Release */,
			);
			defaultConfigurationIsVisible = 0;
			defaultConfigurationName = Release;
		};
/* End XCConfigurationList section */
	};
	rootObject = 844039A424D7B1940073302F /* Project object */;
}
