// !$*UTF8*$!
{
	archiveVersion = 1;
	classes = {
	};
	objectVersion = 50;
	objects = {

/* Begin PBXBuildFile section */
		3CDFD7B124D7B52F0015A2CC /* ConvertCurrencyViewController.swift in Sources */ = {isa = PBXBuildFile; fileRef = 3CDFD7B024D7B52F0015A2CC /* ConvertCurrencyViewController.swift */; };
		3CDFD7B624D7B7840015A2CC /* Currency.swift in Sources */ = {isa = PBXBuildFile; fileRef = 3CDFD7B524D7B7840015A2CC /* Currency.swift */; };
		3CDFD7B924D7B7E70015A2CC /* CurrencyList.swift in Sources */ = {isa = PBXBuildFile; fileRef = 3CDFD7B824D7B7E70015A2CC /* CurrencyList.swift */; };
		3CDFD7BB24D7C2090015A2CC /* ExchangeRate.swift in Sources */ = {isa = PBXBuildFile; fileRef = 3CDFD7BA24D7C2090015A2CC /* ExchangeRate.swift */; };
		3CDFD7BD24D7F01E0015A2CC /* CurrencyConversion.swift in Sources */ = {isa = PBXBuildFile; fileRef = 3CDFD7BC24D7F01D0015A2CC /* CurrencyConversion.swift */; };
		3CDFD7BF24D91DA90015A2CC /* CustomButton.swift in Sources */ = {isa = PBXBuildFile; fileRef = 3CDFD7BE24D91DA90015A2CC /* CustomButton.swift */; };
		3CDFD7C224D92ABC0015A2CC /* CurrencyDataDownloader.swift in Sources */ = {isa = PBXBuildFile; fileRef = 3CDFD7C124D92ABC0015A2CC /* CurrencyDataDownloader.swift */; };
		844039B024D7B1940073302F /* AppDelegate.swift in Sources */ = {isa = PBXBuildFile; fileRef = 844039AF24D7B1940073302F /* AppDelegate.swift */; };
		844039B224D7B1940073302F /* SceneDelegate.swift in Sources */ = {isa = PBXBuildFile; fileRef = 844039B124D7B1940073302F /* SceneDelegate.swift */; };
		844039B724D7B1940073302F /* Main.storyboard in Resources */ = {isa = PBXBuildFile; fileRef = 844039B524D7B1940073302F /* Main.storyboard */; };
		844039B924D7B1970073302F /* Assets.xcassets in Resources */ = {isa = PBXBuildFile; fileRef = 844039B824D7B1970073302F /* Assets.xcassets */; };
		844039BC24D7B1970073302F /* LaunchScreen.storyboard in Resources */ = {isa = PBXBuildFile; fileRef = 844039BA24D7B1970073302F /* LaunchScreen.storyboard */; };
/* End PBXBuildFile section */

/* Begin PBXFileReference section */
		3CDFD7B024D7B52F0015A2CC /* ConvertCurrencyViewController.swift */ = {isa = PBXFileReference; lastKnownFileType = sourcecode.swift; path = ConvertCurrencyViewController.swift; sourceTree = "<group>"; };
		3CDFD7B524D7B7840015A2CC /* Currency.swift */ = {isa = PBXFileReference; lastKnownFileType = sourcecode.swift; path = Currency.swift; sourceTree = "<group>"; };
		3CDFD7B824D7B7E70015A2CC /* CurrencyList.swift */ = {isa = PBXFileReference; lastKnownFileType = sourcecode.swift; path = CurrencyList.swift; sourceTree = "<group>"; };
		3CDFD7BA24D7C2090015A2CC /* ExchangeRate.swift */ = {isa = PBXFileReference; lastKnownFileType = sourcecode.swift; path = ExchangeRate.swift; sourceTree = "<group>"; };
		3CDFD7BC24D7F01D0015A2CC /* CurrencyConversion.swift */ = {isa = PBXFileReference; lastKnownFileType = sourcecode.swift; path = CurrencyConversion.swift; sourceTree = "<group>"; };
		3CDFD7BE24D91DA90015A2CC /* CustomButton.swift */ = {isa = PBXFileReference; lastKnownFileType = sourcecode.swift; path = CustomButton.swift; sourceTree = "<group>"; };
		3CDFD7C124D92ABC0015A2CC /* CurrencyDataDownloader.swift */ = {isa = PBXFileReference; lastKnownFileType = sourcecode.swift; path = CurrencyDataDownloader.swift; sourceTree = "<group>"; };
		844039AC24D7B1940073302F /* CurrencyConverter.app */ = {isa = PBXFileReference; explicitFileType = wrapper.application; includeInIndex = 0; path = CurrencyConverter.app; sourceTree = BUILT_PRODUCTS_DIR; };
		844039AF24D7B1940073302F /* AppDelegate.swift */ = {isa = PBXFileReference; lastKnownFileType = sourcecode.swift; path = AppDelegate.swift; sourceTree = "<group>"; };
		844039B124D7B1940073302F /* SceneDelegate.swift */ = {isa = PBXFileReference; lastKnownFileType = sourcecode.swift; path = SceneDelegate.swift; sourceTree = "<group>"; };
		844039B624D7B1940073302F /* Base */ = {isa = PBXFileReference; lastKnownFileType = file.storyboard; name = Base; path = Base.lproj/Main.storyboard; sourceTree = "<group>"; };
		844039B824D7B1970073302F /* Assets.xcassets */ = {isa = PBXFileReference; lastKnownFileType = folder.assetcatalog; path = Assets.xcassets; sourceTree = "<group>"; };
		844039BB24D7B1970073302F /* Base */ = {isa = PBXFileReference; lastKnownFileType = file.storyboard; name = Base; path = Base.lproj/LaunchScreen.storyboard; sourceTree = "<group>"; };
		844039BD24D7B1970073302F /* Info.plist */ = {isa = PBXFileReference; lastKnownFileType = text.plist.xml; path = Info.plist; sourceTree = "<group>"; };
/* End PBXFileReference section */

/* Begin PBXFrameworksBuildPhase section */
		844039A924D7B1940073302F /* Frameworks */ = {
			isa = PBXFrameworksBuildPhase;
			buildActionMask = 2147483647;
			files = (
			);
			runOnlyForDeploymentPostprocessing = 0;
		};
/* End PBXFrameworksBuildPhase section */

/* Begin PBXGroup section */
		3CDFD7B224D7B5390015A2CC /* Controllers */ = {
			isa = PBXGroup;
			children = (
				3CDFD7B024D7B52F0015A2CC /* ConvertCurrencyViewController.swift */,
			);
			path = Controllers;
			sourceTree = "<group>";
		};
		3CDFD7B324D7B6D40015A2CC /* Storyboards */ = {
			isa = PBXGroup;
			children = (
				844039BA24D7B1970073302F /* LaunchScreen.storyboard */,
				844039B524D7B1940073302F /* Main.storyboard */,
			);
			path = Storyboards;
			sourceTree = "<group>";
		};
		3CDFD7B424D7B73B0015A2CC /* Delegates */ = {
			isa = PBXGroup;
			children = (
				844039AF24D7B1940073302F /* AppDelegate.swift */,
				844039B124D7B1940073302F /* SceneDelegate.swift */,
			);
			path = Delegates;
			sourceTree = "<group>";
		};
		3CDFD7B724D7B7900015A2CC /* Models */ = {
			isa = PBXGroup;
			children = (
				3CDFD7B524D7B7840015A2CC /* Currency.swift */,
				3CDFD7B824D7B7E70015A2CC /* CurrencyList.swift */,
				3CDFD7BA24D7C2090015A2CC /* ExchangeRate.swift */,
				3CDFD7BC24D7F01D0015A2CC /* CurrencyConversion.swift */,
			);
			path = Models;
			sourceTree = "<group>";
		};
		3CDFD7C024D91DB00015A2CC /* Custom Views */ = {
			isa = PBXGroup;
			children = (
				3CDFD7BE24D91DA90015A2CC /* CustomButton.swift */,
			);
			path = "Custom Views";
			sourceTree = "<group>";
		};
		3CDFD7C324D92AD20015A2CC /* Data Handlers */ = {
			isa = PBXGroup;
			children = (
				3CDFD7C124D92ABC0015A2CC /* CurrencyDataDownloader.swift */,
			);
			path = "Data Handlers";
			sourceTree = "<group>";
		};
		844039A324D7B1940073302F = {
			isa = PBXGroup;
			children = (
				844039AE24D7B1940073302F /* CurrencyConverter */,
				844039AD24D7B1940073302F /* Products */,
			);
			sourceTree = "<group>";
		};
		844039AD24D7B1940073302F /* Products */ = {
			isa = PBXGroup;
			children = (
				844039AC24D7B1940073302F /* CurrencyConverter.app */,
			);
			name = Products;
			sourceTree = "<group>";
		};
		844039AE24D7B1940073302F /* CurrencyConverter */ = {
			isa = PBXGroup;
			children = (
				3CDFD7C324D92AD20015A2CC /* Data Handlers */,
				3CDFD7C024D91DB00015A2CC /* Custom Views */,
				3CDFD7B724D7B7900015A2CC /* Models */,
				3CDFD7B424D7B73B0015A2CC /* Delegates */,
				3CDFD7B224D7B5390015A2CC /* Controllers */,
				3CDFD7B324D7B6D40015A2CC /* Storyboards */,
				844039B824D7B1970073302F /* Assets.xcassets */,
				844039BD24D7B1970073302F /* Info.plist */,
			);
			path = CurrencyConverter;
			sourceTree = "<group>";
		};
/* End PBXGroup section */

/* Begin PBXNativeTarget section */
		844039AB24D7B1940073302F /* CurrencyConverter */ = {
			isa = PBXNativeTarget;
			buildConfigurationList = 844039C024D7B1970073302F /* Build configuration list for PBXNativeTarget "CurrencyConverter" */;
			buildPhases = (
				844039A824D7B1940073302F /* Sources */,
				844039A924D7B1940073302F /* Frameworks */,
				844039AA24D7B1940073302F /* Resources */,
			);
			buildRules = (
			);
			dependencies = (
			);
			name = CurrencyConverter;
			productName = CurrencyConverter;
			productReference = 844039AC24D7B1940073302F /* CurrencyConverter.app */;
			productType = "com.apple.product-type.application";
		};
/* End PBXNativeTarget section */

/* Begin PBXProject section */
		844039A424D7B1940073302F /* Project object */ = {
			isa = PBXProject;
			attributes = {
				LastSwiftUpdateCheck = 1130;
				LastUpgradeCheck = 1130;
				ORGANIZATIONNAME = mani;
				TargetAttributes = {
					844039AB24D7B1940073302F = {
						CreatedOnToolsVersion = 11.3.1;
					};
				};
			};
			buildConfigurationList = 844039A724D7B1940073302F /* Build configuration list for PBXProject "CurrencyConverter" */;
			compatibilityVersion = "Xcode 9.3";
			developmentRegion = en;
			hasScannedForEncodings = 0;
			knownRegions = (
				en,
				Base,
			);
			mainGroup = 844039A324D7B1940073302F;
			productRefGroup = 844039AD24D7B1940073302F /* Products */;
			projectDirPath = "";
			projectRoot = "";
			targets = (
				844039AB24D7B1940073302F /* CurrencyConverter */,
			);
		};
/* End PBXProject section */

/* Begin PBXResourcesBuildPhase section */
		844039AA24D7B1940073302F /* Resources */ = {
			isa = PBXResourcesBuildPhase;
			buildActionMask = 2147483647;
			files = (
				844039BC24D7B1970073302F /* LaunchScreen.storyboard in Resources */,
				844039B924D7B1970073302F /* Assets.xcassets in Resources */,
				844039B724D7B1940073302F /* Main.storyboard in Resources */,
			);
			runOnlyForDeploymentPostprocessing = 0;
		};
/* End PBXResourcesBuildPhase section */

/* Begin PBXSourcesBuildPhase section */
		844039A824D7B1940073302F /* Sources */ = {
			isa = PBXSourcesBuildPhase;
			buildActionMask = 2147483647;
			files = (
				3CDFD7BD24D7F01E0015A2CC /* CurrencyConversion.swift in Sources */,
				3CDFD7B624D7B7840015A2CC /* Currency.swift in Sources */,
				844039B024D7B1940073302F /* AppDelegate.swift in Sources */,
				844039B224D7B1940073302F /* SceneDelegate.swift in Sources */,
				3CDFD7BF24D91DA90015A2CC /* CustomButton.swift in Sources */,
				3CDFD7B924D7B7E70015A2CC /* CurrencyList.swift in Sources */,
				3CDFD7BB24D7C2090015A2CC /* ExchangeRate.swift in Sources */,
				3CDFD7B124D7B52F0015A2CC /* ConvertCurrencyViewController.swift in Sources */,
				3CDFD7C224D92ABC0015A2CC /* CurrencyDataDownloader.swift in Sources */,
			);
			runOnlyForDeploymentPostprocessing = 0;
		};
/* End PBXSourcesBuildPhase section */

/* Begin PBXVariantGroup section */
		844039B524D7B1940073302F /* Main.storyboard */ = {
			isa = PBXVariantGroup;
			children = (
				844039B624D7B1940073302F /* Base */,
			);
			name = Main.storyboard;
			sourceTree = "<group>";
		};
		844039BA24D7B1970073302F /* LaunchScreen.storyboard */ = {
			isa = PBXVariantGroup;
			children = (
				844039BB24D7B1970073302F /* Base */,
			);
			name = LaunchScreen.storyboard;
			sourceTree = "<group>";
		};
/* End PBXVariantGroup section */

/* Begin XCBuildConfiguration section */
		844039BE24D7B1970073302F /* Debug */ = {
			isa = XCBuildConfiguration;
			buildSettings = {
				ALWAYS_SEARCH_USER_PATHS = NO;
				CLANG_ANALYZER_NONNULL = YES;
				CLANG_ANALYZER_NUMBER_OBJECT_CONVERSION = YES_AGGRESSIVE;
				CLANG_CXX_LANGUAGE_STANDARD = "gnu++14";
				CLANG_CXX_LIBRARY = "libc++";
				CLANG_ENABLE_MODULES = YES;
				CLANG_ENABLE_OBJC_ARC = YES;
				CLANG_ENABLE_OBJC_WEAK = YES;
				CLANG_WARN_BLOCK_CAPTURE_AUTORELEASING = YES;
				CLANG_WARN_BOOL_CONVERSION = YES;
				CLANG_WARN_COMMA = YES;
				CLANG_WARN_CONSTANT_CONVERSION = YES;
				CLANG_WARN_DEPRECATED_OBJC_IMPLEMENTATIONS = YES;
				CLANG_WARN_DIRECT_OBJC_ISA_USAGE = YES_ERROR;
				CLANG_WARN_DOCUMENTATION_COMMENTS = YES;
				CLANG_WARN_EMPTY_BODY = YES;
				CLANG_WARN_ENUM_CONVERSION = YES;
				CLANG_WARN_INFINITE_RECURSION = YES;
				CLANG_WARN_INT_CONVERSION = YES;
				CLANG_WARN_NON_LITERAL_NULL_CONVERSION = YES;
				CLANG_WARN_OBJC_IMPLICIT_RETAIN_SELF = YES;
				CLANG_WARN_OBJC_LITERAL_CONVERSION = YES;
				CLANG_WARN_OBJC_ROOT_CLASS = YES_ERROR;
				CLANG_WARN_RANGE_LOOP_ANALYSIS = YES;
				CLANG_WARN_STRICT_PROTOTYPES = YES;
				CLANG_WARN_SUSPICIOUS_MOVE = YES;
				CLANG_WARN_UNGUARDED_AVAILABILITY = YES_AGGRESSIVE;
				CLANG_WARN_UNREACHABLE_CODE = YES;
				CLANG_WARN__DUPLICATE_METHOD_MATCH = YES;
				COPY_PHASE_STRIP = NO;
				DEBUG_INFORMATION_FORMAT = dwarf;
				ENABLE_STRICT_OBJC_MSGSEND = YES;
				ENABLE_TESTABILITY = YES;
				GCC_C_LANGUAGE_STANDARD = gnu11;
				GCC_DYNAMIC_NO_PIC = NO;
				GCC_NO_COMMON_BLOCKS = YES;
				GCC_OPTIMIZATION_LEVEL = 0;
				GCC_PREPROCESSOR_DEFINITIONS = (
					"DEBUG=1",
					"$(inherited)",
				);
				GCC_WARN_64_TO_32_BIT_CONVERSION = YES;
				GCC_WARN_ABOUT_RETURN_TYPE = YES_ERROR;
				GCC_WARN_UNDECLARED_SELECTOR = YES;
				GCC_WARN_UNINITIALIZED_AUTOS = YES_AGGRESSIVE;
				GCC_WARN_UNUSED_FUNCTION = YES;
				GCC_WARN_UNUSED_VARIABLE = YES;
				IPHONEOS_DEPLOYMENT_TARGET = 13.2;
				MTL_ENABLE_DEBUG_INFO = INCLUDE_SOURCE;
				MTL_FAST_MATH = YES;
				ONLY_ACTIVE_ARCH = YES;
				SDKROOT = iphoneos;
				SWIFT_ACTIVE_COMPILATION_CONDITIONS = DEBUG;
				SWIFT_OPTIMIZATION_LEVEL = "-Onone";
			};
			name = Debug;
		};
		844039BF24D7B1970073302F /* Release */ = {
			isa = XCBuildConfiguration;
			buildSettings = {
				ALWAYS_SEARCH_USER_PATHS = NO;
				CLANG_ANALYZER_NONNULL = YES;
				CLANG_ANALYZER_NUMBER_OBJECT_CONVERSION = YES_AGGRESSIVE;
				CLANG_CXX_LANGUAGE_STANDARD = "gnu++14";
				CLANG_CXX_LIBRARY = "libc++";
				CLANG_ENABLE_MODULES = YES;
				CLANG_ENABLE_OBJC_ARC = YES;
				CLANG_ENABLE_OBJC_WEAK = YES;
				CLANG_WARN_BLOCK_CAPTURE_AUTORELEASING = YES;
				CLANG_WARN_BOOL_CONVERSION = YES;
				CLANG_WARN_COMMA = YES;
				CLANG_WARN_CONSTANT_CONVERSION = YES;
				CLANG_WARN_DEPRECATED_OBJC_IMPLEMENTATIONS = YES;
				CLANG_WARN_DIRECT_OBJC_ISA_USAGE = YES_ERROR;
				CLANG_WARN_DOCUMENTATION_COMMENTS = YES;
				CLANG_WARN_EMPTY_BODY = YES;
				CLANG_WARN_ENUM_CONVERSION = YES;
				CLANG_WARN_INFINITE_RECURSION = YES;
				CLANG_WARN_INT_CONVERSION = YES;
				CLANG_WARN_NON_LITERAL_NULL_CONVERSION = YES;
				CLANG_WARN_OBJC_IMPLICIT_RETAIN_SELF = YES;
				CLANG_WARN_OBJC_LITERAL_CONVERSION = YES;
				CLANG_WARN_OBJC_ROOT_CLASS = YES_ERROR;
				CLANG_WARN_RANGE_LOOP_ANALYSIS = YES;
				CLANG_WARN_STRICT_PROTOTYPES = YES;
				CLANG_WARN_SUSPICIOUS_MOVE = YES;
				CLANG_WARN_UNGUARDED_AVAILABILITY = YES_AGGRESSIVE;
				CLANG_WARN_UNREACHABLE_CODE = YES;
				CLANG_WARN__DUPLICATE_METHOD_MATCH = YES;
				COPY_PHASE_STRIP = NO;
				DEBUG_INFORMATION_FORMAT = "dwarf-with-dsym";
				ENABLE_NS_ASSERTIONS = NO;
				ENABLE_STRICT_OBJC_MSGSEND = YES;
				GCC_C_LANGUAGE_STANDARD = gnu11;
				GCC_NO_COMMON_BLOCKS = YES;
				GCC_WARN_64_TO_32_BIT_CONVERSION = YES;
				GCC_WARN_ABOUT_RETURN_TYPE = YES_ERROR;
				GCC_WARN_UNDECLARED_SELECTOR = YES;
				GCC_WARN_UNINITIALIZED_AUTOS = YES_AGGRESSIVE;
				GCC_WARN_UNUSED_FUNCTION = YES;
				GCC_WARN_UNUSED_VARIABLE = YES;
				IPHONEOS_DEPLOYMENT_TARGET = 13.2;
				MTL_ENABLE_DEBUG_INFO = NO;
				MTL_FAST_MATH = YES;
				SDKROOT = iphoneos;
				SWIFT_COMPILATION_MODE = wholemodule;
				SWIFT_OPTIMIZATION_LEVEL = "-O";
				VALIDATE_PRODUCT = YES;
			};
			name = Release;
		};
		844039C124D7B1970073302F /* Debug */ = {
			isa = XCBuildConfiguration;
			buildSettings = {
				ASSETCATALOG_COMPILER_APPICON_NAME = AppIcon;
				CODE_SIGN_STYLE = Automatic;
				INFOPLIST_FILE = CurrencyConverter/Info.plist;
				LD_RUNPATH_SEARCH_PATHS = (
					"$(inherited)",
					"@executable_path/Frameworks",
				);
				PRODUCT_BUNDLE_IDENTIFIER = com.CurrencyConverter;
				PRODUCT_NAME = "$(TARGET_NAME)";
				SWIFT_VERSION = 5.0;
				TARGETED_DEVICE_FAMILY = "1,2";
			};
			name = Debug;
		};
		844039C224D7B1970073302F /* Release */ = {
			isa = XCBuildConfiguration;
			buildSettings = {
				ASSETCATALOG_COMPILER_APPICON_NAME = AppIcon;
				CODE_SIGN_STYLE = Automatic;
				INFOPLIST_FILE = CurrencyConverter/Info.plist;
				LD_RUNPATH_SEARCH_PATHS = (
					"$(inherited)",
					"@executable_path/Frameworks",
				);
				PRODUCT_BUNDLE_IDENTIFIER = com.CurrencyConverter;
				PRODUCT_NAME = "$(TARGET_NAME)";
				SWIFT_VERSION = 5.0;
				TARGETED_DEVICE_FAMILY = "1,2";
			};
			name = Release;
		};
/* End XCBuildConfiguration section */

/* Begin XCConfigurationList section */
		844039A724D7B1940073302F /* Build configuration list for PBXProject "CurrencyConverter" */ = {
			isa = XCConfigurationList;
			buildConfigurations = (
				844039BE24D7B1970073302F /* Debug */,
				844039BF24D7B1970073302F /* Release */,
			);
			defaultConfigurationIsVisible = 0;
			defaultConfigurationName = Release;
		};
		844039C024D7B1970073302F /* Build configuration list for PBXNativeTarget "CurrencyConverter" */ = {
			isa = XCConfigurationList;
			buildConfigurations = (
				844039C124D7B1970073302F /* Debug */,
				844039C224D7B1970073302F /* Release */,
			);
			defaultConfigurationIsVisible = 0;
			defaultConfigurationName = Release;
		};
/* End XCConfigurationList section */
	};
	rootObject = 844039A424D7B1940073302F /* Project object */;
}
